
Microsoft Visual Studio Solution File, Format Version 12.00
# Visual Studio 15
VisualStudioVersion = 15.0.27703.2047
MinimumVisualStudioVersion = 10.0.40219.1
Project("{FAE04EC0-301F-11D3-BF4B-00C04F79EFBC}") = "EWSResourceSync", "EWSResourceSync\EWSResourceSync.csproj", "{199E085D-94EC-4C2A-BB76-6CE2F503A148}"
EndProject
Project("{FAE04EC0-301F-11D3-BF4B-00C04F79EFBC}") = "Microsoft.Exchange.WebServices.Data", "ews-managed-api-master\Microsoft.Exchange.WebServices.Data.csproj", "{F059972F-0561-4203-ABB8-3ABB41CCBE22}"
EndProject
Project("{FAE04EC0-301F-11D3-BF4B-00C04F79EFBC}") = "EWS.Common", "EWSCommon\EWS.Common.csproj", "{8B523081-9074-4E3B-8B71-8B3331DD1EAD}"
EndProject
Project("{FAE04EC0-301F-11D3-BF4B-00C04F79EFBC}") = "EWSServiceBusReadFromO365", "EWSServiceBusReadFromO365\EWSServiceBusReadFromO365.csproj", "{9DF6E7E3-53CB-440E-B8FC-9396B905A49C}"
EndProject
Project("{FAE04EC0-301F-11D3-BF4B-00C04F79EFBC}") = "EWSServiceBusSendToO365", "EWSServiceBusSendToO365\EWSServiceBusSendToO365.csproj", "{8D1DA3A7-AF99-43FD-A24B-3C64522B4DE1}"
EndProject
Project("{2150E333-8FDC-42A3-9474-1A3956D46DE8}") = "serviceBus", "serviceBus", "{C5538813-0F36-48AD-91B9-705653EBAB45}"
EndProject
Project("{2150E333-8FDC-42A3-9474-1A3956D46DE8}") = "managed-api", "managed-api", "{2590A66F-2FE3-4615-9038-9E2F7F3F01D2}"
EndProject
Project("{2150E333-8FDC-42A3-9474-1A3956D46DE8}") = "repository", "repository", "{983A5F89-C07E-4E3F-9B20-8B554EB9F7C0}"
EndProject
Project("{00D1A9C2-B5F0-4AF3-8072-F6C62B433612}") = "ewsdb", "EWSdb\ewsdb.sqlproj", "{732C03BF-7AF6-4977-81AC-281709BCBD79}"
EndProject
Global
	GlobalSection(SolutionConfigurationPlatforms) = preSolution
		Debug|Any CPU = Debug|Any CPU
		Release|Any CPU = Release|Any CPU
	EndGlobalSection
	GlobalSection(ProjectConfigurationPlatforms) = postSolution
		{199E085D-94EC-4C2A-BB76-6CE2F503A148}.Debug|Any CPU.ActiveCfg = Debug|Any CPU
		{199E085D-94EC-4C2A-BB76-6CE2F503A148}.Debug|Any CPU.Build.0 = Debug|Any CPU
		{199E085D-94EC-4C2A-BB76-6CE2F503A148}.Release|Any CPU.ActiveCfg = Release|Any CPU
		{199E085D-94EC-4C2A-BB76-6CE2F503A148}.Release|Any CPU.Build.0 = Release|Any CPU
		{F059972F-0561-4203-ABB8-3ABB41CCBE22}.Debug|Any CPU.ActiveCfg = Debug|Any CPU
		{F059972F-0561-4203-ABB8-3ABB41CCBE22}.Debug|Any CPU.Build.0 = Debug|Any CPU
		{F059972F-0561-4203-ABB8-3ABB41CCBE22}.Release|Any CPU.ActiveCfg = Release|Any CPU
		{F059972F-0561-4203-ABB8-3ABB41CCBE22}.Release|Any CPU.Build.0 = Release|Any CPU
		{8B523081-9074-4E3B-8B71-8B3331DD1EAD}.Debug|Any CPU.ActiveCfg = Debug|Any CPU
		{8B523081-9074-4E3B-8B71-8B3331DD1EAD}.Debug|Any CPU.Build.0 = Debug|Any CPU
		{8B523081-9074-4E3B-8B71-8B3331DD1EAD}.Release|Any CPU.ActiveCfg = Release|Any CPU
		{8B523081-9074-4E3B-8B71-8B3331DD1EAD}.Release|Any CPU.Build.0 = Release|Any CPU
		{9DF6E7E3-53CB-440E-B8FC-9396B905A49C}.Debug|Any CPU.ActiveCfg = Debug|Any CPU
		{9DF6E7E3-53CB-440E-B8FC-9396B905A49C}.Debug|Any CPU.Build.0 = Debug|Any CPU
		{9DF6E7E3-53CB-440E-B8FC-9396B905A49C}.Release|Any CPU.ActiveCfg = Release|Any CPU
		{9DF6E7E3-53CB-440E-B8FC-9396B905A49C}.Release|Any CPU.Build.0 = Release|Any CPU
		{8D1DA3A7-AF99-43FD-A24B-3C64522B4DE1}.Debug|Any CPU.ActiveCfg = Debug|Any CPU
		{8D1DA3A7-AF99-43FD-A24B-3C64522B4DE1}.Debug|Any CPU.Build.0 = Debug|Any CPU
		{8D1DA3A7-AF99-43FD-A24B-3C64522B4DE1}.Release|Any CPU.ActiveCfg = Release|Any CPU
		{8D1DA3A7-AF99-43FD-A24B-3C64522B4DE1}.Release|Any CPU.Build.0 = Release|Any CPU
		{732C03BF-7AF6-4977-81AC-281709BCBD79}.Debug|Any CPU.ActiveCfg = Debug|Any CPU
		{732C03BF-7AF6-4977-81AC-281709BCBD79}.Debug|Any CPU.Build.0 = Debug|Any CPU
		{732C03BF-7AF6-4977-81AC-281709BCBD79}.Debug|Any CPU.Deploy.0 = Debug|Any CPU
		{732C03BF-7AF6-4977-81AC-281709BCBD79}.Release|Any CPU.ActiveCfg = Release|Any CPU
		{732C03BF-7AF6-4977-81AC-281709BCBD79}.Release|Any CPU.Build.0 = Release|Any CPU
		{732C03BF-7AF6-4977-81AC-281709BCBD79}.Release|Any CPU.Deploy.0 = Release|Any CPU
	EndGlobalSection
	GlobalSection(SolutionProperties) = preSolution
		HideSolutionNode = FALSE
	EndGlobalSection
	GlobalSection(NestedProjects) = preSolution
		{F059972F-0561-4203-ABB8-3ABB41CCBE22} = {2590A66F-2FE3-4615-9038-9E2F7F3F01D2}
		{9DF6E7E3-53CB-440E-B8FC-9396B905A49C} = {C5538813-0F36-48AD-91B9-705653EBAB45}
		{8D1DA3A7-AF99-43FD-A24B-3C64522B4DE1} = {C5538813-0F36-48AD-91B9-705653EBAB45}
		{732C03BF-7AF6-4977-81AC-281709BCBD79} = {983A5F89-C07E-4E3F-9B20-8B554EB9F7C0}
	EndGlobalSection
	GlobalSection(ExtensibilityGlobals) = postSolution
		SolutionGuid = {11D656BE-C937-464A-94AC-448FCCDA0773}
	EndGlobalSection
EndGlobal
